
Microsoft Visual Studio Solution File, Format Version 12.00
# Visual Studio Version 17
VisualStudioVersion = 17.8.34309.116
MinimumVisualStudioVersion = 10.0.40219.1
Project("{FAE04EC0-301F-11D3-BF4B-00C04F79EFBC}") = "PGEducation", "PGEducation\PGEducation.csproj", "{FA006864-E172-4E17-A88E-94687078991C}"
EndProject
Global
	GlobalSection(SolutionConfigurationPlatforms) = preSolution
		Debug|Any CPU = Debug|Any CPU
		Release|Any CPU = Release|Any CPU
	EndGlobalSection
	GlobalSection(ProjectConfigurationPlatforms) = postSolution
		{FA006864-E172-4E17-A88E-94687078991C}.Debug|Any CPU.ActiveCfg = Debug|Any CPU
		{FA006864-E172-4E17-A88E-94687078991C}.Debug|Any CPU.Build.0 = Debug|Any CPU
		{FA006864-E172-4E17-A88E-94687078991C}.Release|Any CPU.ActiveCfg = Release|Any CPU
		{FA006864-E172-4E17-A88E-94687078991C}.Release|Any CPU.Build.0 = Release|Any CPU
	EndGlobalSection
	GlobalSection(SolutionProperties) = preSolution
		HideSolutionNode = FALSE
	EndGlobalSection
	GlobalSection(ExtensibilityGlobals) = postSolution
		SolutionGuid = {8961EBD6-4FA1-45DA-8F9C-DB57C37F2F82}
	EndGlobalSection
EndGlobal
